
Microsoft Visual Studio Solution File, Format Version 12.00
# Visual Studio Version 17
VisualStudioVersion = 17.8.34525.116
MinimumVisualStudioVersion = 10.0.40219.1
Project("{FAE04EC0-301F-11D3-BF4B-00C04F79EFBC}") = "WinFormsApp1", "WinFormsApp1\WinFormsApp1.csproj", "{1BECC714-EC1B-4104-AF60-AB55D4D6C6BD}"
EndProject
Global
	GlobalSection(SolutionConfigurationPlatforms) = preSolution
		Debug|Any CPU = Debug|Any CPU
		Release|Any CPU = Release|Any CPU
	EndGlobalSection
	GlobalSection(ProjectConfigurationPlatforms) = postSolution
		{1BECC714-EC1B-4104-AF60-AB55D4D6C6BD}.Debug|Any CPU.ActiveCfg = Debug|Any CPU
		{1BECC714-EC1B-4104-AF60-AB55D4D6C6BD}.Debug|Any CPU.Build.0 = Debug|Any CPU
		{1BECC714-EC1B-4104-AF60-AB55D4D6C6BD}.Release|Any CPU.ActiveCfg = Release|Any CPU
		{1BECC714-EC1B-4104-AF60-AB55D4D6C6BD}.Release|Any CPU.Build.0 = Release|Any CPU
	EndGlobalSection
	GlobalSection(SolutionProperties) = preSolution
		HideSolutionNode = FALSE
	EndGlobalSection
	GlobalSection(ExtensibilityGlobals) = postSolution
		SolutionGuid = {DC04A32E-507D-4CCC-93A2-AE8B5E48ECFB}
	EndGlobalSection
EndGlobal
